
Microsoft Visual Studio Solution File, Format Version 12.00
# Visual Studio 15
VisualStudioVersion = 15.0.28307.438
MinimumVisualStudioVersion = 10.0.40219.1
Project("{FAE04EC0-301F-11D3-BF4B-00C04F79EFBC}") = "仓库物料管理系统", "仓库物料管理系统\仓库物料管理系统.csproj", "{070695B2-90E6-44AC-A247-A9A1ED37695B}"
EndProject
Project("{FAE04EC0-301F-11D3-BF4B-00C04F79EFBC}") = "WebApplication1", "WebApplication1\WebApplication1.csproj", "{7C4DDF16-0476-40A5-985D-12451AC40E5B}"
EndProject
Project("{FAE04EC0-301F-11D3-BF4B-00C04F79EFBC}") = "ClassLibrary2.ORM", "ClassLibrary2.ORM\ClassLibrary2.ORM.csproj", "{0F3873B7-B129-414F-A825-0251FDB5DB1C}"
EndProject
Project("{FAE04EC0-301F-11D3-BF4B-00C04F79EFBC}") = "ClassLibrary2.Service", "ClassLibrary2.Service\ClassLibrary2.Service.csproj", "{93F7054D-E2CF-4A6F-818C-919BD4E61EE6}"
EndProject
Global
	GlobalSection(SolutionConfigurationPlatforms) = preSolution
		Debug|Any CPU = Debug|Any CPU
		Release|Any CPU = Release|Any CPU
	EndGlobalSection
	GlobalSection(ProjectConfigurationPlatforms) = postSolution
		{070695B2-90E6-44AC-A247-A9A1ED37695B}.Debug|Any CPU.ActiveCfg = Debug|Any CPU
		{070695B2-90E6-44AC-A247-A9A1ED37695B}.Debug|Any CPU.Build.0 = Debug|Any CPU
		{070695B2-90E6-44AC-A247-A9A1ED37695B}.Release|Any CPU.ActiveCfg = Release|Any CPU
		{070695B2-90E6-44AC-A247-A9A1ED37695B}.Release|Any CPU.Build.0 = Release|Any CPU
		{7C4DDF16-0476-40A5-985D-12451AC40E5B}.Debug|Any CPU.ActiveCfg = Debug|Any CPU
		{7C4DDF16-0476-40A5-985D-12451AC40E5B}.Debug|Any CPU.Build.0 = Debug|Any CPU
		{7C4DDF16-0476-40A5-985D-12451AC40E5B}.Release|Any CPU.ActiveCfg = Release|Any CPU
		{7C4DDF16-0476-40A5-985D-12451AC40E5B}.Release|Any CPU.Build.0 = Release|Any CPU
		{0F3873B7-B129-414F-A825-0251FDB5DB1C}.Debug|Any CPU.ActiveCfg = Debug|Any CPU
		{0F3873B7-B129-414F-A825-0251FDB5DB1C}.Debug|Any CPU.Build.0 = Debug|Any CPU
		{0F3873B7-B129-414F-A825-0251FDB5DB1C}.Release|Any CPU.ActiveCfg = Release|Any CPU
		{0F3873B7-B129-414F-A825-0251FDB5DB1C}.Release|Any CPU.Build.0 = Release|Any CPU
		{93F7054D-E2CF-4A6F-818C-919BD4E61EE6}.Debug|Any CPU.ActiveCfg = Debug|Any CPU
		{93F7054D-E2CF-4A6F-818C-919BD4E61EE6}.Debug|Any CPU.Build.0 = Debug|Any CPU
		{93F7054D-E2CF-4A6F-818C-919BD4E61EE6}.Release|Any CPU.ActiveCfg = Release|Any CPU
		{93F7054D-E2CF-4A6F-818C-919BD4E61EE6}.Release|Any CPU.Build.0 = Release|Any CPU
	EndGlobalSection
	GlobalSection(SolutionProperties) = preSolution
		HideSolutionNode = FALSE
	EndGlobalSection
	GlobalSection(ExtensibilityGlobals) = postSolution
		SolutionGuid = {02BC5242-7F88-464A-9FD3-532C1ABC1717}
	EndGlobalSection
EndGlobal
